# THIS IS AN AUTOGENERATED FILE. DO NOT EDIT THIS FILE DIRECTLY.
# yarn lockfile v1


promise-polyfill@^8.0.0:
  version "8.0.0"
  resolved "https://registry.yarnpkg.com/promise-polyfill/-/promise-polyfill-8.0.0.tgz#b47c7fc74052cc5b2132b703cca144f1a5eb56ef"

whatwg-fetch@^2.0.4:
  version "2.0.4"
  resolved "https://registry.yarnpkg.com/whatwg-fetch/-/whatwg-fetch-2.0.4.tgz#dde6a5df315f9d39991aa17621853d720b85566f"
